// !$*UTF8*$!
{
	archiveVersion = 1;
	classes = {
	};
	objectVersion = 48;
	objects = {

/* Begin PBXBuildFile section */
		A2089E8E203BBEB5008D5AB4 /* AppDelegate.swift in Sources */ = {isa = PBXBuildFile; fileRef = A2089E8D203BBEB5008D5AB4 /* AppDelegate.swift */; };
		A2089E95203BBEB5008D5AB4 /* Assets.xcassets in Resources */ = {isa = PBXBuildFile; fileRef = A2089E94203BBEB5008D5AB4 /* Assets.xcassets */; };
		A2089EA3203BBEB6008D5AB4 /* arfmemearfTests.swift in Sources */ = {isa = PBXBuildFile; fileRef = A2089EA2203BBEB6008D5AB4 /* arfmemearfTests.swift */; };
		A2089EAE203BBEB6008D5AB4 /* arfmemearfUITests.swift in Sources */ = {isa = PBXBuildFile; fileRef = A2089EAD203BBEB6008D5AB4 /* arfmemearfUITests.swift */; };
		A2089EC4203BBF93008D5AB4 /* LaunchScreen.storyboard in Resources */ = {isa = PBXBuildFile; fileRef = A2089EBE203BBF92008D5AB4 /* LaunchScreen.storyboard */; };
		A2089EC5203BBF93008D5AB4 /* MemeView.xib in Resources */ = {isa = PBXBuildFile; fileRef = A2089EBF203BBF92008D5AB4 /* MemeView.xib */; };
		A2089EC6203BBF93008D5AB4 /* ResultsView.swift in Sources */ = {isa = PBXBuildFile; fileRef = A2089EC0203BBF92008D5AB4 /* ResultsView.swift */; };
		A2089EC7203BBF93008D5AB4 /* ResultsView.xib in Resources */ = {isa = PBXBuildFile; fileRef = A2089EC1203BBF93008D5AB4 /* ResultsView.xib */; };
		A2089EC8203BBF93008D5AB4 /* Main.storyboard in Resources */ = {isa = PBXBuildFile; fileRef = A2089EC2203BBF93008D5AB4 /* Main.storyboard */; };
		A2089EC9203BBF93008D5AB4 /* MemeView.swift in Sources */ = {isa = PBXBuildFile; fileRef = A2089EC3203BBF93008D5AB4 /* MemeView.swift */; };
		A2089ECB203BBFA9008D5AB4 /* Meme.swift in Sources */ = {isa = PBXBuildFile; fileRef = A2089ECA203BBFA9008D5AB4 /* Meme.swift */; };
		A2089ECE203BBFB8008D5AB4 /* ResultsViewController.swift in Sources */ = {isa = PBXBuildFile; fileRef = A2089ECC203BBFB8008D5AB4 /* ResultsViewController.swift */; };
		A2089ECF203BBFB8008D5AB4 /* MemeViewController.swift in Sources */ = {isa = PBXBuildFile; fileRef = A2089ECD203BBFB8008D5AB4 /* MemeViewController.swift */; };
		A24A1C72203BC1B30064A41E /* impact.ttf in Resources */ = {isa = PBXBuildFile; fileRef = A24A1C71203BC1B30064A41E /* impact.ttf */; };
/* End PBXBuildFile section */

/* Begin PBXContainerItemProxy section */
		A2089E9F203BBEB6008D5AB4 /* PBXContainerItemProxy */ = {
			isa = PBXContainerItemProxy;
			containerPortal = A2089E82203BBEB5008D5AB4 /* Project object */;
			proxyType = 1;
			remoteGlobalIDString = A2089E89203BBEB5008D5AB4;
			remoteInfo = arfmemearf;
		};
		A2089EAA203BBEB6008D5AB4 /* PBXContainerItemProxy */ = {
			isa = PBXContainerItemProxy;
			containerPortal = A2089E82203BBEB5008D5AB4 /* Project object */;
			proxyType = 1;
			remoteGlobalIDString = A2089E89203BBEB5008D5AB4;
			remoteInfo = arfmemearf;
		};
/* End PBXContainerItemProxy section */

/* Begin PBXFileReference section */
		A2089E8A203BBEB5008D5AB4 /* arfmemearf.app */ = {isa = PBXFileReference; explicitFileType = wrapper.application; includeInIndex = 0; path = arfmemearf.app; sourceTree = BUILT_PRODUCTS_DIR; };
		A2089E8D203BBEB5008D5AB4 /* AppDelegate.swift */ = {isa = PBXFileReference; lastKnownFileType = sourcecode.swift; path = AppDelegate.swift; sourceTree = "<group>"; };
		A2089E94203BBEB5008D5AB4 /* Assets.xcassets */ = {isa = PBXFileReference; lastKnownFileType = folder.assetcatalog; path = Assets.xcassets; sourceTree = "<group>"; };
		A2089E99203BBEB5008D5AB4 /* Info.plist */ = {isa = PBXFileReference; lastKnownFileType = text.plist.xml; path = Info.plist; sourceTree = "<group>"; };
		A2089E9E203BBEB6008D5AB4 /* arfmemearfTests.xctest */ = {isa = PBXFileReference; explicitFileType = wrapper.cfbundle; includeInIndex = 0; path = arfmemearfTests.xctest; sourceTree = BUILT_PRODUCTS_DIR; };
		A2089EA2203BBEB6008D5AB4 /* arfmemearfTests.swift */ = {isa = PBXFileReference; lastKnownFileType = sourcecode.swift; path = arfmemearfTests.swift; sourceTree = "<group>"; };
		A2089EA4203BBEB6008D5AB4 /* Info.plist */ = {isa = PBXFileReference; lastKnownFileType = text.plist.xml; path = Info.plist; sourceTree = "<group>"; };
		A2089EA9203BBEB6008D5AB4 /* arfmemearfUITests.xctest */ = {isa = PBXFileReference; explicitFileType = wrapper.cfbundle; includeInIndex = 0; path = arfmemearfUITests.xctest; sourceTree = BUILT_PRODUCTS_DIR; };
		A2089EAD203BBEB6008D5AB4 /* arfmemearfUITests.swift */ = {isa = PBXFileReference; lastKnownFileType = sourcecode.swift; path = arfmemearfUITests.swift; sourceTree = "<group>"; };
		A2089EAF203BBEB6008D5AB4 /* Info.plist */ = {isa = PBXFileReference; lastKnownFileType = text.plist.xml; path = Info.plist; sourceTree = "<group>"; };
		A2089EBE203BBF92008D5AB4 /* LaunchScreen.storyboard */ = {isa = PBXFileReference; fileEncoding = 4; lastKnownFileType = file.storyboard; path = LaunchScreen.storyboard; sourceTree = "<group>"; };
		A2089EBF203BBF92008D5AB4 /* MemeView.xib */ = {isa = PBXFileReference; fileEncoding = 4; lastKnownFileType = file.xib; path = MemeView.xib; sourceTree = "<group>"; };
		A2089EC0203BBF92008D5AB4 /* ResultsView.swift */ = {isa = PBXFileReference; fileEncoding = 4; lastKnownFileType = sourcecode.swift; path = ResultsView.swift; sourceTree = "<group>"; };
		A2089EC1203BBF93008D5AB4 /* ResultsView.xib */ = {isa = PBXFileReference; fileEncoding = 4; lastKnownFileType = file.xib; path = ResultsView.xib; sourceTree = "<group>"; };
		A2089EC2203BBF93008D5AB4 /* Main.storyboard */ = {isa = PBXFileReference; fileEncoding = 4; lastKnownFileType = file.storyboard; path = Main.storyboard; sourceTree = "<group>"; };
		A2089EC3203BBF93008D5AB4 /* MemeView.swift */ = {isa = PBXFileReference; fileEncoding = 4; lastKnownFileType = sourcecode.swift; path = MemeView.swift; sourceTree = "<group>"; };
		A2089ECA203BBFA9008D5AB4 /* Meme.swift */ = {isa = PBXFileReference; fileEncoding = 4; lastKnownFileType = sourcecode.swift; path = Meme.swift; sourceTree = "<group>"; };
		A2089ECC203BBFB8008D5AB4 /* ResultsViewController.swift */ = {isa = PBXFileReference; fileEncoding = 4; lastKnownFileType = sourcecode.swift; path = ResultsViewController.swift; sourceTree = "<group>"; };
		A2089ECD203BBFB8008D5AB4 /* MemeViewController.swift */ = {isa = PBXFileReference; fileEncoding = 4; lastKnownFileType = sourcecode.swift; path = MemeViewController.swift; sourceTree = "<group>"; };
		A24A1C71203BC1B30064A41E /* impact.ttf */ = {isa = PBXFileReference; lastKnownFileType = file; path = impact.ttf; sourceTree = "<group>"; };
/* End PBXFileReference section */

/* Begin PBXFrameworksBuildPhase section */
		A2089E87203BBEB5008D5AB4 /* Frameworks */ = {
			isa = PBXFrameworksBuildPhase;
			buildActionMask = 2147483647;
			files = (
			);
			runOnlyForDeploymentPostprocessing = 0;
		};
		A2089E9B203BBEB6008D5AB4 /* Frameworks */ = {
			isa = PBXFrameworksBuildPhase;
			buildActionMask = 2147483647;
			files = (
			);
			runOnlyForDeploymentPostprocessing = 0;
		};
		A2089EA6203BBEB6008D5AB4 /* Frameworks */ = {
			isa = PBXFrameworksBuildPhase;
			buildActionMask = 2147483647;
			files = (
			);
			runOnlyForDeploymentPostprocessing = 0;
		};
/* End PBXFrameworksBuildPhase section */

/* Begin PBXGroup section */
		A2089E81203BBEB5008D5AB4 = {
			isa = PBXGroup;
			children = (
				A2089E8C203BBEB5008D5AB4 /* arfmemearf */,
				A2089EA1203BBEB6008D5AB4 /* arfmemearfTests */,
				A2089EAC203BBEB6008D5AB4 /* arfmemearfUITests */,
				A2089E8B203BBEB5008D5AB4 /* Products */,
			);
			sourceTree = "<group>";
		};
		A2089E8B203BBEB5008D5AB4 /* Products */ = {
			isa = PBXGroup;
			children = (
				A2089E8A203BBEB5008D5AB4 /* arfmemearf.app */,
				A2089E9E203BBEB6008D5AB4 /* arfmemearfTests.xctest */,
				A2089EA9203BBEB6008D5AB4 /* arfmemearfUITests.xctest */,
			);
			name = Products;
			sourceTree = "<group>";
		};
		A2089E8C203BBEB5008D5AB4 /* arfmemearf */ = {
			isa = PBXGroup;
			children = (
				A24A1C70203BC1B30064A41E /* Fonts */,
				A2089E8D203BBEB5008D5AB4 /* AppDelegate.swift */,
				A2089EBB203BBF53008D5AB4 /* Model */,
				A2089EBC203BBF58008D5AB4 /* View */,
				A2089EBD203BBF5C008D5AB4 /* Controller */,
				A2089E94203BBEB5008D5AB4 /* Assets.xcassets */,
				A2089E99203BBEB5008D5AB4 /* Info.plist */,
			);
			path = arfmemearf;
			sourceTree = "<group>";
		};
		A2089EA1203BBEB6008D5AB4 /* arfmemearfTests */ = {
			isa = PBXGroup;
			children = (
				A2089EA2203BBEB6008D5AB4 /* arfmemearfTests.swift */,
				A2089EA4203BBEB6008D5AB4 /* Info.plist */,
			);
			path = arfmemearfTests;
			sourceTree = "<group>";
		};
		A2089EAC203BBEB6008D5AB4 /* arfmemearfUITests */ = {
			isa = PBXGroup;
			children = (
				A2089EAD203BBEB6008D5AB4 /* arfmemearfUITests.swift */,
				A2089EAF203BBEB6008D5AB4 /* Info.plist */,
			);
			path = arfmemearfUITests;
			sourceTree = "<group>";
		};
		A2089EBB203BBF53008D5AB4 /* Model */ = {
			isa = PBXGroup;
			children = (
				A2089ECA203BBFA9008D5AB4 /* Meme.swift */,
			);
			path = Model;
			sourceTree = "<group>";
		};
		A2089EBC203BBF58008D5AB4 /* View */ = {
			isa = PBXGroup;
			children = (
				A2089EBE203BBF92008D5AB4 /* LaunchScreen.storyboard */,
				A2089EC2203BBF93008D5AB4 /* Main.storyboard */,
				A2089EC3203BBF93008D5AB4 /* MemeView.swift */,
				A2089EBF203BBF92008D5AB4 /* MemeView.xib */,
				A2089EC0203BBF92008D5AB4 /* ResultsView.swift */,
				A2089EC1203BBF93008D5AB4 /* ResultsView.xib */,
			);
			path = View;
			sourceTree = "<group>";
		};
		A2089EBD203BBF5C008D5AB4 /* Controller */ = {
			isa = PBXGroup;
			children = (
				A2089ECD203BBFB8008D5AB4 /* MemeViewController.swift */,
				A2089ECC203BBFB8008D5AB4 /* ResultsViewController.swift */,
			);
			path = Controller;
			sourceTree = "<group>";
		};
		A24A1C70203BC1B30064A41E /* Fonts */ = {
			isa = PBXGroup;
			children = (
				A24A1C71203BC1B30064A41E /* impact.ttf */,
			);
			name = Fonts;
			path = ../../arf_meme_arf/ArfMemeArf/ArfMemeArf/Fonts;
			sourceTree = "<group>";
		};
/* End PBXGroup section */

/* Begin PBXNativeTarget section */
		A2089E89203BBEB5008D5AB4 /* arfmemearf */ = {
			isa = PBXNativeTarget;
			buildConfigurationList = A2089EB2203BBEB6008D5AB4 /* Build configuration list for PBXNativeTarget "arfmemearf" */;
			buildPhases = (
				A2089E86203BBEB5008D5AB4 /* Sources */,
				A2089E87203BBEB5008D5AB4 /* Frameworks */,
				A2089E88203BBEB5008D5AB4 /* Resources */,
			);
			buildRules = (
			);
			dependencies = (
			);
			name = arfmemearf;
			productName = arfmemearf;
			productReference = A2089E8A203BBEB5008D5AB4 /* arfmemearf.app */;
			productType = "com.apple.product-type.application";
		};
		A2089E9D203BBEB6008D5AB4 /* arfmemearfTests */ = {
			isa = PBXNativeTarget;
			buildConfigurationList = A2089EB5203BBEB6008D5AB4 /* Build configuration list for PBXNativeTarget "arfmemearfTests" */;
			buildPhases = (
				A2089E9A203BBEB6008D5AB4 /* Sources */,
				A2089E9B203BBEB6008D5AB4 /* Frameworks */,
				A2089E9C203BBEB6008D5AB4 /* Resources */,
			);
			buildRules = (
			);
			dependencies = (
				A2089EA0203BBEB6008D5AB4 /* PBXTargetDependency */,
			);
			name = arfmemearfTests;
			productName = arfmemearfTests;
			productReference = A2089E9E203BBEB6008D5AB4 /* arfmemearfTests.xctest */;
			productType = "com.apple.product-type.bundle.unit-test";
		};
		A2089EA8203BBEB6008D5AB4 /* arfmemearfUITests */ = {
			isa = PBXNativeTarget;
			buildConfigurationList = A2089EB8203BBEB6008D5AB4 /* Build configuration list for PBXNativeTarget "arfmemearfUITests" */;
			buildPhases = (
				A2089EA5203BBEB6008D5AB4 /* Sources */,
				A2089EA6203BBEB6008D5AB4 /* Frameworks */,
				A2089EA7203BBEB6008D5AB4 /* Resources */,
			);
			buildRules = (
			);
			dependencies = (
				A2089EAB203BBEB6008D5AB4 /* PBXTargetDependency */,
			);
			name = arfmemearfUITests;
			productName = arfmemearfUITests;
			productReference = A2089EA9203BBEB6008D5AB4 /* arfmemearfUITests.xctest */;
			productType = "com.apple.product-type.bundle.ui-testing";
		};
/* End PBXNativeTarget section */

/* Begin PBXProject section */
		A2089E82203BBEB5008D5AB4 /* Project object */ = {
			isa = PBXProject;
			attributes = {
				LastSwiftUpdateCheck = 0920;
				LastUpgradeCheck = 0920;
				ORGANIZATIONNAME = kairaygun;
				TargetAttributes = {
					A2089E89203BBEB5008D5AB4 = {
						CreatedOnToolsVersion = 9.2;
						ProvisioningStyle = Automatic;
					};
					A2089E9D203BBEB6008D5AB4 = {
						CreatedOnToolsVersion = 9.2;
						ProvisioningStyle = Automatic;
						TestTargetID = A2089E89203BBEB5008D5AB4;
					};
					A2089EA8203BBEB6008D5AB4 = {
						CreatedOnToolsVersion = 9.2;
						ProvisioningStyle = Automatic;
						TestTargetID = A2089E89203BBEB5008D5AB4;
					};
				};
			};
			buildConfigurationList = A2089E85203BBEB5008D5AB4 /* Build configuration list for PBXProject "arfmemearf" */;
			compatibilityVersion = "Xcode 8.0";
			developmentRegion = en;
			hasScannedForEncodings = 0;
			knownRegions = (
				en,
				Base,
			);
			mainGroup = A2089E81203BBEB5008D5AB4;
			productRefGroup = A2089E8B203BBEB5008D5AB4 /* Products */;
			projectDirPath = "";
			projectRoot = "";
			targets = (
				A2089E89203BBEB5008D5AB4 /* arfmemearf */,
				A2089E9D203BBEB6008D5AB4 /* arfmemearfTests */,
				A2089EA8203BBEB6008D5AB4 /* arfmemearfUITests */,
			);
		};
/* End PBXProject section */

/* Begin PBXResourcesBuildPhase section */
		A2089E88203BBEB5008D5AB4 /* Resources */ = {
			isa = PBXResourcesBuildPhase;
			buildActionMask = 2147483647;
			files = (
				A2089E95203BBEB5008D5AB4 /* Assets.xcassets in Resources */,
				A2089EC8203BBF93008D5AB4 /* Main.storyboard in Resources */,
				A24A1C72203BC1B30064A41E /* impact.ttf in Resources */,
				A2089EC7203BBF93008D5AB4 /* ResultsView.xib in Resources */,
				A2089EC5203BBF93008D5AB4 /* MemeView.xib in Resources */,
				A2089EC4203BBF93008D5AB4 /* LaunchScreen.storyboard in Resources */,
			);
			runOnlyForDeploymentPostprocessing = 0;
		};
		A2089E9C203BBEB6008D5AB4 /* Resources */ = {
			isa = PBXResourcesBuildPhase;
			buildActionMask = 2147483647;
			files = (
			);
			runOnlyForDeploymentPostprocessing = 0;
		};
		A2089EA7203BBEB6008D5AB4 /* Resources */ = {
			isa = PBXResourcesBuildPhase;
			buildActionMask = 2147483647;
			files = (
			);
			runOnlyForDeploymentPostprocessing = 0;
		};
/* End PBXResourcesBuildPhase section */

/* Begin PBXSourcesBuildPhase section */
		A2089E86203BBEB5008D5AB4 /* Sources */ = {
			isa = PBXSourcesBuildPhase;
			buildActionMask = 2147483647;
			files = (
				A2089E8E203BBEB5008D5AB4 /* AppDelegate.swift in Sources */,
				A2089ECB203BBFA9008D5AB4 /* Meme.swift in Sources */,
				A2089EC6203BBF93008D5AB4 /* ResultsView.swift in Sources */,
				A2089ECE203BBFB8008D5AB4 /* ResultsViewController.swift in Sources */,
				A2089ECF203BBFB8008D5AB4 /* MemeViewController.swift in Sources */,
				A2089EC9203BBF93008D5AB4 /* MemeView.swift in Sources */,
			);
			runOnlyForDeploymentPostprocessing = 0;
		};
		A2089E9A203BBEB6008D5AB4 /* Sources */ = {
			isa = PBXSourcesBuildPhase;
			buildActionMask = 2147483647;
			files = (
				A2089EA3203BBEB6008D5AB4 /* arfmemearfTests.swift in Sources */,
			);
			runOnlyForDeploymentPostprocessing = 0;
		};
		A2089EA5203BBEB6008D5AB4 /* Sources */ = {
			isa = PBXSourcesBuildPhase;
			buildActionMask = 2147483647;
			files = (
				A2089EAE203BBEB6008D5AB4 /* arfmemearfUITests.swift in Sources */,
			);
			runOnlyForDeploymentPostprocessing = 0;
		};
/* End PBXSourcesBuildPhase section */

/* Begin PBXTargetDependency section */
		A2089EA0203BBEB6008D5AB4 /* PBXTargetDependency */ = {
			isa = PBXTargetDependency;
			target = A2089E89203BBEB5008D5AB4 /* arfmemearf */;
			targetProxy = A2089E9F203BBEB6008D5AB4 /* PBXContainerItemProxy */;
		};
		A2089EAB203BBEB6008D5AB4 /* PBXTargetDependency */ = {
			isa = PBXTargetDependency;
			target = A2089E89203BBEB5008D5AB4 /* arfmemearf */;
			targetProxy = A2089EAA203BBEB6008D5AB4 /* PBXContainerItemProxy */;
		};
/* End PBXTargetDependency section */

/* Begin XCBuildConfiguration section */
		A2089EB0203BBEB6008D5AB4 /* Debug */ = {
			isa = XCBuildConfiguration;
			buildSettings = {
				ALWAYS_SEARCH_USER_PATHS = NO;
				CLANG_ANALYZER_NONNULL = YES;
				CLANG_ANALYZER_NUMBER_OBJECT_CONVERSION = YES_AGGRESSIVE;
				CLANG_CXX_LANGUAGE_STANDARD = "gnu++14";
				CLANG_CXX_LIBRARY = "libc++";
				CLANG_ENABLE_MODULES = YES;
				CLANG_ENABLE_OBJC_ARC = YES;
				CLANG_WARN_BLOCK_CAPTURE_AUTORELEASING = YES;
				CLANG_WARN_BOOL_CONVERSION = YES;
				CLANG_WARN_COMMA = YES;
				CLANG_WARN_CONSTANT_CONVERSION = YES;
				CLANG_WARN_DIRECT_OBJC_ISA_USAGE = YES_ERROR;
				CLANG_WARN_DOCUMENTATION_COMMENTS = YES;
				CLANG_WARN_EMPTY_BODY = YES;
				CLANG_WARN_ENUM_CONVERSION = YES;
				CLANG_WARN_INFINITE_RECURSION = YES;
				CLANG_WARN_INT_CONVERSION = YES;
				CLANG_WARN_NON_LITERAL_NULL_CONVERSION = YES;
				CLANG_WARN_OBJC_LITERAL_CONVERSION = YES;
				CLANG_WARN_OBJC_ROOT_CLASS = YES_ERROR;
				CLANG_WARN_RANGE_LOOP_ANALYSIS = YES;
				CLANG_WARN_STRICT_PROTOTYPES = YES;
				CLANG_WARN_SUSPICIOUS_MOVE = YES;
				CLANG_WARN_UNGUARDED_AVAILABILITY = YES_AGGRESSIVE;
				CLANG_WARN_UNREACHABLE_CODE = YES;
				CLANG_WARN__DUPLICATE_METHOD_MATCH = YES;
				CODE_SIGN_IDENTITY = "iPhone Developer";
				COPY_PHASE_STRIP = NO;
				DEBUG_INFORMATION_FORMAT = dwarf;
				ENABLE_STRICT_OBJC_MSGSEND = YES;
				ENABLE_TESTABILITY = YES;
				GCC_C_LANGUAGE_STANDARD = gnu11;
				GCC_DYNAMIC_NO_PIC = NO;
				GCC_NO_COMMON_BLOCKS = YES;
				GCC_OPTIMIZATION_LEVEL = 0;
				GCC_PREPROCESSOR_DEFINITIONS = (
					"DEBUG=1",
					"$(inherited)",
				);
				GCC_WARN_64_TO_32_BIT_CONVERSION = YES;
				GCC_WARN_ABOUT_RETURN_TYPE = YES_ERROR;
				GCC_WARN_UNDECLARED_SELECTOR = YES;
				GCC_WARN_UNINITIALIZED_AUTOS = YES_AGGRESSIVE;
				GCC_WARN_UNUSED_FUNCTION = YES;
				GCC_WARN_UNUSED_VARIABLE = YES;
				IPHONEOS_DEPLOYMENT_TARGET = 11.2;
				MTL_ENABLE_DEBUG_INFO = YES;
				ONLY_ACTIVE_ARCH = YES;
				SDKROOT = iphoneos;
				SWIFT_ACTIVE_COMPILATION_CONDITIONS = DEBUG;
				SWIFT_OPTIMIZATION_LEVEL = "-Onone";
			};
			name = Debug;
		};
		A2089EB1203BBEB6008D5AB4 /* Release */ = {
			isa = XCBuildConfiguration;
			buildSettings = {
				ALWAYS_SEARCH_USER_PATHS = NO;
				CLANG_ANALYZER_NONNULL = YES;
				CLANG_ANALYZER_NUMBER_OBJECT_CONVERSION = YES_AGGRESSIVE;
				CLANG_CXX_LANGUAGE_STANDARD = "gnu++14";
				CLANG_CXX_LIBRARY = "libc++";
				CLANG_ENABLE_MODULES = YES;
				CLANG_ENABLE_OBJC_ARC = YES;
				CLANG_WARN_BLOCK_CAPTURE_AUTORELEASING = YES;
				CLANG_WARN_BOOL_CONVERSION = YES;
				CLANG_WARN_COMMA = YES;
				CLANG_WARN_CONSTANT_CONVERSION = YES;
				CLANG_WARN_DIRECT_OBJC_ISA_USAGE = YES_ERROR;
				CLANG_WARN_DOCUMENTATION_COMMENTS = YES;
				CLANG_WARN_EMPTY_BODY = YES;
				CLANG_WARN_ENUM_CONVERSION = YES;
				CLANG_WARN_INFINITE_RECURSION = YES;
				CLANG_WARN_INT_CONVERSION = YES;
				CLANG_WARN_NON_LITERAL_NULL_CONVERSION = YES;
				CLANG_WARN_OBJC_LITERAL_CONVERSION = YES;
				CLANG_WARN_OBJC_ROOT_CLASS = YES_ERROR;
				CLANG_WARN_RANGE_LOOP_ANALYSIS = YES;
				CLANG_WARN_STRICT_PROTOTYPES = YES;
				CLANG_WARN_SUSPICIOUS_MOVE = YES;
				CLANG_WARN_UNGUARDED_AVAILABILITY = YES_AGGRESSIVE;
				CLANG_WARN_UNREACHABLE_CODE = YES;
				CLANG_WARN__DUPLICATE_METHOD_MATCH = YES;
				CODE_SIGN_IDENTITY = "iPhone Developer";
				COPY_PHASE_STRIP = NO;
				DEBUG_INFORMATION_FORMAT = "dwarf-with-dsym";
				ENABLE_NS_ASSERTIONS = NO;
				ENABLE_STRICT_OBJC_MSGSEND = YES;
				GCC_C_LANGUAGE_STANDARD = gnu11;
				GCC_NO_COMMON_BLOCKS = YES;
				GCC_WARN_64_TO_32_BIT_CONVERSION = YES;
				GCC_WARN_ABOUT_RETURN_TYPE = YES_ERROR;
				GCC_WARN_UNDECLARED_SELECTOR = YES;
				GCC_WARN_UNINITIALIZED_AUTOS = YES_AGGRESSIVE;
				GCC_WARN_UNUSED_FUNCTION = YES;
				GCC_WARN_UNUSED_VARIABLE = YES;
				IPHONEOS_DEPLOYMENT_TARGET = 11.2;
				MTL_ENABLE_DEBUG_INFO = NO;
				SDKROOT = iphoneos;
				SWIFT_OPTIMIZATION_LEVEL = "-Owholemodule";
				VALIDATE_PRODUCT = YES;
			};
			name = Release;
		};
		A2089EB3203BBEB6008D5AB4 /* Debug */ = {
			isa = XCBuildConfiguration;
			buildSettings = {
				ASSETCATALOG_COMPILER_APPICON_NAME = AppIcon;
				CODE_SIGN_STYLE = Automatic;
				DEVELOPMENT_TEAM = Q9549M97M6;
				INFOPLIST_FILE = arfmemearf/Info.plist;
				LD_RUNPATH_SEARCH_PATHS = "$(inherited) @executable_path/Frameworks";
				PRODUCT_BUNDLE_IDENTIFIER = com.kairaygun.arfmemearf;
				PRODUCT_NAME = "$(TARGET_NAME)";
				SWIFT_VERSION = 4.0;
				TARGETED_DEVICE_FAMILY = "1,2";
			};
			name = Debug;
		};
		A2089EB4203BBEB6008D5AB4 /* Release */ = {
			isa = XCBuildConfiguration;
			buildSettings = {
				ASSETCATALOG_COMPILER_APPICON_NAME = AppIcon;
				CODE_SIGN_STYLE = Automatic;
				DEVELOPMENT_TEAM = Q9549M97M6;
				INFOPLIST_FILE = arfmemearf/Info.plist;
				LD_RUNPATH_SEARCH_PATHS = "$(inherited) @executable_path/Frameworks";
				PRODUCT_BUNDLE_IDENTIFIER = com.kairaygun.arfmemearf;
				PRODUCT_NAME = "$(TARGET_NAME)";
				SWIFT_VERSION = 4.0;
				TARGETED_DEVICE_FAMILY = "1,2";
			};
			name = Release;
		};
		A2089EB6203BBEB6008D5AB4 /* Debug */ = {
			isa = XCBuildConfiguration;
			buildSettings = {
				ALWAYS_EMBED_SWIFT_STANDARD_LIBRARIES = YES;
				BUNDLE_LOADER = "$(TEST_HOST)";
				CODE_SIGN_STYLE = Automatic;
				DEVELOPMENT_TEAM = Q9549M97M6;
				INFOPLIST_FILE = arfmemearfTests/Info.plist;
				LD_RUNPATH_SEARCH_PATHS = "$(inherited) @executable_path/Frameworks @loader_path/Frameworks";
				PRODUCT_BUNDLE_IDENTIFIER = com.kairaygun.arfmemearfTests;
				PRODUCT_NAME = "$(TARGET_NAME)";
				SWIFT_VERSION = 4.0;
				TARGETED_DEVICE_FAMILY = "1,2";
				TEST_HOST = "$(BUILT_PRODUCTS_DIR)/arfmemearf.app/arfmemearf";
			};
			name = Debug;
		};
		A2089EB7203BBEB6008D5AB4 /* Release */ = {
			isa = XCBuildConfiguration;
			buildSettings = {
				ALWAYS_EMBED_SWIFT_STANDARD_LIBRARIES = YES;
				BUNDLE_LOADER = "$(TEST_HOST)";
				CODE_SIGN_STYLE = Automatic;
				DEVELOPMENT_TEAM = Q9549M97M6;
				INFOPLIST_FILE = arfmemearfTests/Info.plist;
				LD_RUNPATH_SEARCH_PATHS = "$(inherited) @executable_path/Frameworks @loader_path/Frameworks";
				PRODUCT_BUNDLE_IDENTIFIER = com.kairaygun.arfmemearfTests;
				PRODUCT_NAME = "$(TARGET_NAME)";
				SWIFT_VERSION = 4.0;
				TARGETED_DEVICE_FAMILY = "1,2";
				TEST_HOST = "$(BUILT_PRODUCTS_DIR)/arfmemearf.app/arfmemearf";
			};
			name = Release;
		};
		A2089EB9203BBEB6008D5AB4 /* Debug */ = {
			isa = XCBuildConfiguration;
			buildSettings = {
				ALWAYS_EMBED_SWIFT_STANDARD_LIBRARIES = YES;
				CODE_SIGN_STYLE = Automatic;
				DEVELOPMENT_TEAM = Q9549M97M6;
				INFOPLIST_FILE = arfmemearfUITests/Info.plist;
				LD_RUNPATH_SEARCH_PATHS = "$(inherited) @executable_path/Frameworks @loader_path/Frameworks";
				PRODUCT_BUNDLE_IDENTIFIER = com.kairaygun.arfmemearfUITests;
				PRODUCT_NAME = "$(TARGET_NAME)";
				SWIFT_VERSION = 4.0;
				TARGETED_DEVICE_FAMILY = "1,2";
				TEST_TARGET_NAME = arfmemearf;
			};
			name = Debug;
		};
		A2089EBA203BBEB6008D5AB4 /* Release */ = {
			isa = XCBuildConfiguration;
			buildSettings = {
				ALWAYS_EMBED_SWIFT_STANDARD_LIBRARIES = YES;
				CODE_SIGN_STYLE = Automatic;
				DEVELOPMENT_TEAM = Q9549M97M6;
				INFOPLIST_FILE = arfmemearfUITests/Info.plist;
				LD_RUNPATH_SEARCH_PATHS = "$(inherited) @executable_path/Frameworks @loader_path/Frameworks";
				PRODUCT_BUNDLE_IDENTIFIER = com.kairaygun.arfmemearfUITests;
				PRODUCT_NAME = "$(TARGET_NAME)";
				SWIFT_VERSION = 4.0;
				TARGETED_DEVICE_FAMILY = "1,2";
				TEST_TARGET_NAME = arfmemearf;
			};
			name = Release;
		};
/* End XCBuildConfiguration section */

/* Begin XCConfigurationList section */
		A2089E85203BBEB5008D5AB4 /* Build configuration list for PBXProject "arfmemearf" */ = {
			isa = XCConfigurationList;
			buildConfigurations = (
				A2089EB0203BBEB6008D5AB4 /* Debug */,
				A2089EB1203BBEB6008D5AB4 /* Release */,
			);
			defaultConfigurationIsVisible = 0;
			defaultConfigurationName = Release;
		};
		A2089EB2203BBEB6008D5AB4 /* Build configuration list for PBXNativeTarget "arfmemearf" */ = {
			isa = XCConfigurationList;
			buildConfigurations = (
				A2089EB3203BBEB6008D5AB4 /* Debug */,
				A2089EB4203BBEB6008D5AB4 /* Release */,
			);
			defaultConfigurationIsVisible = 0;
			defaultConfigurationName = Release;
		};
		A2089EB5203BBEB6008D5AB4 /* Build configuration list for PBXNativeTarget "arfmemearfTests" */ = {
			isa = XCConfigurationList;
			buildConfigurations = (
				A2089EB6203BBEB6008D5AB4 /* Debug */,
				A2089EB7203BBEB6008D5AB4 /* Release */,
			);
			defaultConfigurationIsVisible = 0;
			defaultConfigurationName = Release;
		};
		A2089EB8203BBEB6008D5AB4 /* Build configuration list for PBXNativeTarget "arfmemearfUITests" */ = {
			isa = XCConfigurationList;
			buildConfigurations = (
				A2089EB9203BBEB6008D5AB4 /* Debug */,
				A2089EBA203BBEB6008D5AB4 /* Release */,
			);
			defaultConfigurationIsVisible = 0;
			defaultConfigurationName = Release;
		};
/* End XCConfigurationList section */
	};
	rootObject = A2089E82203BBEB5008D5AB4 /* Project object */;
}
